// !$*UTF8*$!
{
	archiveVersion = 1;
	classes = {
	};
	objectVersion = 46;
	objects = {

/* Begin PBXBuildFile section */
		04155D3418D695CA00233D76 /* SMSeaCreature.m in Sources */ = {isa = PBXBuildFile; fileRef = 04155D3318D695CA00233D76 /* SMSeaCreature.m */; };
		04155D3718D695EB00233D76 /* SMSeaTurtle.m in Sources */ = {isa = PBXBuildFile; fileRef = 04155D3618D695EB00233D76 /* SMSeaTurtle.m */; };
		04155D3A18D6AF3F00233D76 /* SMCreatureSpawner.m in Sources */ = {isa = PBXBuildFile; fileRef = 04155D3918D6AF3F00233D76 /* SMCreatureSpawner.m */; };
		049BDD3018C408D1000D5EFC /* Foundation.framework in Frameworks */ = {isa = PBXBuildFile; fileRef = 049BDD2F18C408D1000D5EFC /* Foundation.framework */; };
		049BDD3218C408D1000D5EFC /* CoreGraphics.framework in Frameworks */ = {isa = PBXBuildFile; fileRef = 049BDD3118C408D1000D5EFC /* CoreGraphics.framework */; };
		049BDD3418C408D1000D5EFC /* UIKit.framework in Frameworks */ = {isa = PBXBuildFile; fileRef = 049BDD3318C408D1000D5EFC /* UIKit.framework */; };
		049BDD3618C408D1000D5EFC /* SpriteKit.framework in Frameworks */ = {isa = PBXBuildFile; fileRef = 049BDD3518C408D1000D5EFC /* SpriteKit.framework */; };
		049BDD3C18C408D1000D5EFC /* InfoPlist.strings in Resources */ = {isa = PBXBuildFile; fileRef = 049BDD3A18C408D1000D5EFC /* InfoPlist.strings */; };
		049BDD3E18C408D1000D5EFC /* main.m in Sources */ = {isa = PBXBuildFile; fileRef = 049BDD3D18C408D1000D5EFC /* main.m */; };
		049BDD4218C408D1000D5EFC /* SMAppDelegate.m in Sources */ = {isa = PBXBuildFile; fileRef = 049BDD4118C408D1000D5EFC /* SMAppDelegate.m */; };
		049BDD4518C408D1000D5EFC /* Main_iPhone.storyboard in Resources */ = {isa = PBXBuildFile; fileRef = 049BDD4318C408D1000D5EFC /* Main_iPhone.storyboard */; };
		049BDD4818C408D1000D5EFC /* Main_iPad.storyboard in Resources */ = {isa = PBXBuildFile; fileRef = 049BDD4618C408D1000D5EFC /* Main_iPad.storyboard */; };
		049BDD4B18C408D1000D5EFC /* SMViewController.m in Sources */ = {isa = PBXBuildFile; fileRef = 049BDD4A18C408D1000D5EFC /* SMViewController.m */; };
		049BDD4E18C408D1000D5EFC /* SMMyScene.m in Sources */ = {isa = PBXBuildFile; fileRef = 049BDD4D18C408D1000D5EFC /* SMMyScene.m */; };
		049BDD5218C408D1000D5EFC /* Images.xcassets in Resources */ = {isa = PBXBuildFile; fileRef = 049BDD5118C408D1000D5EFC /* Images.xcassets */; };
		049BDD5918C408D1000D5EFC /* XCTest.framework in Frameworks */ = {isa = PBXBuildFile; fileRef = 049BDD5818C408D1000D5EFC /* XCTest.framework */; };
		049BDD5A18C408D1000D5EFC /* Foundation.framework in Frameworks */ = {isa = PBXBuildFile; fileRef = 049BDD2F18C408D1000D5EFC /* Foundation.framework */; };
		049BDD5B18C408D1000D5EFC /* UIKit.framework in Frameworks */ = {isa = PBXBuildFile; fileRef = 049BDD3318C408D1000D5EFC /* UIKit.framework */; };
		049BDD6318C408D1000D5EFC /* InfoPlist.strings in Resources */ = {isa = PBXBuildFile; fileRef = 049BDD6118C408D1000D5EFC /* InfoPlist.strings */; };
		049BDD6518C408D1000D5EFC /* sushi_masterTests.m in Sources */ = {isa = PBXBuildFile; fileRef = 049BDD6418C408D1000D5EFC /* sushi_masterTests.m */; };
		04FD613218D96B9A00658F80 /* SMSushiScene.m in Sources */ = {isa = PBXBuildFile; fileRef = 04FD613118D96B9A00658F80 /* SMSushiScene.m */; };
		04FD613518D96BEF00658F80 /* SMCuttingBoard.m in Sources */ = {isa = PBXBuildFile; fileRef = 04FD613418D96BEF00658F80 /* SMCuttingBoard.m */; };
		04FD613A18D9796300658F80 /* SMSushiIngredient.m in Sources */ = {isa = PBXBuildFile; fileRef = 04FD613918D9796300658F80 /* SMSushiIngredient.m */; };
		04FD613D18DC22E200658F80 /* VisitablePhysicsBody.m in Sources */ = {isa = PBXBuildFile; fileRef = 04FD613C18DC22E200658F80 /* VisitablePhysicsBody.m */; };
		04FD614718DC230A00658F80 /* ContactVisitor.m in Sources */ = {isa = PBXBuildFile; fileRef = 04FD614118DC230A00658F80 /* ContactVisitor.m */; };
		04FD614D18DE342000658F80 /* SMHookContactVisitor.m in Sources */ = {isa = PBXBuildFile; fileRef = 04FD614C18DE342000658F80 /* SMHookContactVisitor.m */; };
		04FD615018DE36B100658F80 /* SMHook.m in Sources */ = {isa = PBXBuildFile; fileRef = 04FD614F18DE36B100658F80 /* SMHook.m */; };
		04FD615518DE4B2000658F80 /* libTestFlight.a in Frameworks */ = {isa = PBXBuildFile; fileRef = 04FD615118DE4B2000658F80 /* libTestFlight.a */; };
		04FD615718DE4D2900658F80 /* libz.dylib in Frameworks */ = {isa = PBXBuildFile; fileRef = 04FD615618DE4D2900658F80 /* libz.dylib */; };
		04FD617D18DE9F3C00658F80 /* art.atlas in Resources */ = {isa = PBXBuildFile; fileRef = 04FD617A18DE9F3C00658F80 /* art.atlas */; };
		04FD617E18DE9F3C00658F80 /* fish.atlas in Resources */ = {isa = PBXBuildFile; fileRef = 04FD617B18DE9F3C00658F80 /* fish.atlas */; };
		04FD617F18DE9F3C00658F80 /* seaturtle.atlas in Resources */ = {isa = PBXBuildFile; fileRef = 04FD617C18DE9F3C00658F80 /* seaturtle.atlas */; };
		4C8D605918C506A0009BB182 /* SMFisherman.m in Sources */ = {isa = PBXBuildFile; fileRef = 4C8D605818C506A0009BB182 /* SMFisherman.m */; };
		EC2A58C518C4615900F2D3F8 /* SMOcean.m in Sources */ = {isa = PBXBuildFile; fileRef = EC2A58C418C4615900F2D3F8 /* SMOcean.m */; };
		EC2A58C818C4619200F2D3F8 /* SMBoat.m in Sources */ = {isa = PBXBuildFile; fileRef = EC2A58C718C4619200F2D3F8 /* SMBoat.m */; };
		EC2A58CB18C461B000F2D3F8 /* SMFish.m in Sources */ = {isa = PBXBuildFile; fileRef = EC2A58CA18C461B000F2D3F8 /* SMFish.m */; };
		EC2A58CE18C461D400F2D3F8 /* SMFishingScene.m in Sources */ = {isa = PBXBuildFile; fileRef = EC2A58CD18C461D400F2D3F8 /* SMFishingScene.m */; };
		EC2A58D218C49BA400F2D3F8 /* SMChumPiece.m in Sources */ = {isa = PBXBuildFile; fileRef = EC2A58D118C49BA400F2D3F8 /* SMChumPiece.m */; };
/* End PBXBuildFile section */

/* Begin PBXContainerItemProxy section */
		049BDD5C18C408D1000D5EFC /* PBXContainerItemProxy */ = {
			isa = PBXContainerItemProxy;
			containerPortal = 049BDD2418C408D0000D5EFC /* Project object */;
			proxyType = 1;
			remoteGlobalIDString = 049BDD2B18C408D0000D5EFC;
			remoteInfo = "sushi-master";
		};
/* End PBXContainerItemProxy section */

/* Begin PBXFileReference section */
		04155D3218D695C900233D76 /* SMSeaCreature.h */ = {isa = PBXFileReference; fileEncoding = 4; lastKnownFileType = sourcecode.c.h; path = SMSeaCreature.h; sourceTree = "<group>"; };
		04155D3318D695CA00233D76 /* SMSeaCreature.m */ = {isa = PBXFileReference; fileEncoding = 4; lastKnownFileType = sourcecode.c.objc; path = SMSeaCreature.m; sourceTree = "<group>"; };
		04155D3518D695EB00233D76 /* SMSeaTurtle.h */ = {isa = PBXFileReference; fileEncoding = 4; lastKnownFileType = sourcecode.c.h; path = SMSeaTurtle.h; sourceTree = "<group>"; };
		04155D3618D695EB00233D76 /* SMSeaTurtle.m */ = {isa = PBXFileReference; fileEncoding = 4; lastKnownFileType = sourcecode.c.objc; path = SMSeaTurtle.m; sourceTree = "<group>"; };
		04155D3818D6AF3E00233D76 /* SMCreatureSpawner.h */ = {isa = PBXFileReference; fileEncoding = 4; lastKnownFileType = sourcecode.c.h; path = SMCreatureSpawner.h; sourceTree = "<group>"; };
		04155D3918D6AF3F00233D76 /* SMCreatureSpawner.m */ = {isa = PBXFileReference; fileEncoding = 4; lastKnownFileType = sourcecode.c.objc; path = SMCreatureSpawner.m; sourceTree = "<group>"; };
		049BDD2C18C408D1000D5EFC /* sushi-master.app */ = {isa = PBXFileReference; explicitFileType = wrapper.application; includeInIndex = 0; path = "sushi-master.app"; sourceTree = BUILT_PRODUCTS_DIR; };
		049BDD2F18C408D1000D5EFC /* Foundation.framework */ = {isa = PBXFileReference; lastKnownFileType = wrapper.framework; name = Foundation.framework; path = System/Library/Frameworks/Foundation.framework; sourceTree = SDKROOT; };
		049BDD3118C408D1000D5EFC /* CoreGraphics.framework */ = {isa = PBXFileReference; lastKnownFileType = wrapper.framework; name = CoreGraphics.framework; path = System/Library/Frameworks/CoreGraphics.framework; sourceTree = SDKROOT; };
		049BDD3318C408D1000D5EFC /* UIKit.framework */ = {isa = PBXFileReference; lastKnownFileType = wrapper.framework; name = UIKit.framework; path = System/Library/Frameworks/UIKit.framework; sourceTree = SDKROOT; };
		049BDD3518C408D1000D5EFC /* SpriteKit.framework */ = {isa = PBXFileReference; lastKnownFileType = wrapper.framework; name = SpriteKit.framework; path = System/Library/Frameworks/SpriteKit.framework; sourceTree = SDKROOT; };
		049BDD3918C408D1000D5EFC /* sushi-master-Info.plist */ = {isa = PBXFileReference; lastKnownFileType = text.plist.xml; path = "sushi-master-Info.plist"; sourceTree = "<group>"; };
		049BDD3B18C408D1000D5EFC /* en */ = {isa = PBXFileReference; lastKnownFileType = text.plist.strings; name = en; path = en.lproj/InfoPlist.strings; sourceTree = "<group>"; };
		049BDD3D18C408D1000D5EFC /* main.m */ = {isa = PBXFileReference; lastKnownFileType = sourcecode.c.objc; path = main.m; sourceTree = "<group>"; };
		049BDD3F18C408D1000D5EFC /* sushi-master-Prefix.pch */ = {isa = PBXFileReference; lastKnownFileType = sourcecode.c.h; path = "sushi-master-Prefix.pch"; sourceTree = "<group>"; };
		049BDD4018C408D1000D5EFC /* SMAppDelegate.h */ = {isa = PBXFileReference; lastKnownFileType = sourcecode.c.h; path = SMAppDelegate.h; sourceTree = "<group>"; };
		049BDD4118C408D1000D5EFC /* SMAppDelegate.m */ = {isa = PBXFileReference; lastKnownFileType = sourcecode.c.objc; path = SMAppDelegate.m; sourceTree = "<group>"; };
		049BDD4418C408D1000D5EFC /* Base */ = {isa = PBXFileReference; lastKnownFileType = file.storyboard; name = Base; path = Base.lproj/Main_iPhone.storyboard; sourceTree = "<group>"; };
		049BDD4718C408D1000D5EFC /* Base */ = {isa = PBXFileReference; lastKnownFileType = file.storyboard; name = Base; path = Base.lproj/Main_iPad.storyboard; sourceTree = "<group>"; };
		049BDD4918C408D1000D5EFC /* SMViewController.h */ = {isa = PBXFileReference; lastKnownFileType = sourcecode.c.h; path = SMViewController.h; sourceTree = "<group>"; };
		049BDD4A18C408D1000D5EFC /* SMViewController.m */ = {isa = PBXFileReference; lastKnownFileType = sourcecode.c.objc; path = SMViewController.m; sourceTree = "<group>"; };
		049BDD4C18C408D1000D5EFC /* SMMyScene.h */ = {isa = PBXFileReference; lastKnownFileType = sourcecode.c.h; path = SMMyScene.h; sourceTree = "<group>"; };
		049BDD4D18C408D1000D5EFC /* SMMyScene.m */ = {isa = PBXFileReference; lastKnownFileType = sourcecode.c.objc; path = SMMyScene.m; sourceTree = "<group>"; };
		049BDD5118C408D1000D5EFC /* Images.xcassets */ = {isa = PBXFileReference; lastKnownFileType = folder.assetcatalog; path = Images.xcassets; sourceTree = "<group>"; };
		049BDD5718C408D1000D5EFC /* sushi-masterTests.xctest */ = {isa = PBXFileReference; explicitFileType = wrapper.cfbundle; includeInIndex = 0; path = "sushi-masterTests.xctest"; sourceTree = BUILT_PRODUCTS_DIR; };
		049BDD5818C408D1000D5EFC /* XCTest.framework */ = {isa = PBXFileReference; lastKnownFileType = wrapper.framework; name = XCTest.framework; path = Library/Frameworks/XCTest.framework; sourceTree = DEVELOPER_DIR; };
		049BDD6018C408D1000D5EFC /* sushi-masterTests-Info.plist */ = {isa = PBXFileReference; lastKnownFileType = text.plist.xml; path = "sushi-masterTests-Info.plist"; sourceTree = "<group>"; };
		049BDD6218C408D1000D5EFC /* en */ = {isa = PBXFileReference; lastKnownFileType = text.plist.strings; name = en; path = en.lproj/InfoPlist.strings; sourceTree = "<group>"; };
		049BDD6418C408D1000D5EFC /* sushi_masterTests.m */ = {isa = PBXFileReference; lastKnownFileType = sourcecode.c.objc; path = sushi_masterTests.m; sourceTree = "<group>"; };
		04FD613018D96B9A00658F80 /* SMSushiScene.h */ = {isa = PBXFileReference; fileEncoding = 4; lastKnownFileType = sourcecode.c.h; path = SMSushiScene.h; sourceTree = "<group>"; };
		04FD613118D96B9A00658F80 /* SMSushiScene.m */ = {isa = PBXFileReference; fileEncoding = 4; lastKnownFileType = sourcecode.c.objc; path = SMSushiScene.m; sourceTree = "<group>"; };
		04FD613318D96BEF00658F80 /* SMCuttingBoard.h */ = {isa = PBXFileReference; fileEncoding = 4; lastKnownFileType = sourcecode.c.h; name = SMCuttingBoard.h; path = ../SMCuttingBoard.h; sourceTree = "<group>"; };
		04FD613418D96BEF00658F80 /* SMCuttingBoard.m */ = {isa = PBXFileReference; fileEncoding = 4; lastKnownFileType = sourcecode.c.objc; name = SMCuttingBoard.m; path = ../SMCuttingBoard.m; sourceTree = "<group>"; };
		04FD613818D9796300658F80 /* SMSushiIngredient.h */ = {isa = PBXFileReference; fileEncoding = 4; lastKnownFileType = sourcecode.c.h; path = SMSushiIngredient.h; sourceTree = "<group>"; };
		04FD613918D9796300658F80 /* SMSushiIngredient.m */ = {isa = PBXFileReference; fileEncoding = 4; lastKnownFileType = sourcecode.c.objc; path = SMSushiIngredient.m; sourceTree = "<group>"; };
		04FD613B18DC22E200658F80 /* VisitablePhysicsBody.h */ = {isa = PBXFileReference; fileEncoding = 4; lastKnownFileType = sourcecode.c.h; name = VisitablePhysicsBody.h; path = "../../iOS-SpriteKit-Pong/Pong/VisitablePhysicsBody.h"; sourceTree = "<group>"; };
		04FD613C18DC22E200658F80 /* VisitablePhysicsBody.m */ = {isa = PBXFileReference; fileEncoding = 4; lastKnownFileType = sourcecode.c.objc; name = VisitablePhysicsBody.m; path = "../../iOS-SpriteKit-Pong/Pong/VisitablePhysicsBody.m"; sourceTree = "<group>"; };
		04FD614018DC230A00658F80 /* ContactVisitor.h */ = {isa = PBXFileReference; fileEncoding = 4; lastKnownFileType = sourcecode.c.h; path = ContactVisitor.h; sourceTree = "<group>"; };
		04FD614118DC230A00658F80 /* ContactVisitor.m */ = {isa = PBXFileReference; fileEncoding = 4; lastKnownFileType = sourcecode.c.objc; path = ContactVisitor.m; sourceTree = "<group>"; };
		04FD614A18DE332700658F80 /* NodeCategories.h */ = {isa = PBXFileReference; fileEncoding = 4; lastKnownFileType = sourcecode.c.h; path = NodeCategories.h; sourceTree = "<group>"; };
		04FD614B18DE342000658F80 /* SMHookContactVisitor.h */ = {isa = PBXFileReference; fileEncoding = 4; lastKnownFileType = sourcecode.c.h; path = SMHookContactVisitor.h; sourceTree = "<group>"; };
		04FD614C18DE342000658F80 /* SMHookContactVisitor.m */ = {isa = PBXFileReference; fileEncoding = 4; lastKnownFileType = sourcecode.c.objc; path = SMHookContactVisitor.m; sourceTree = "<group>"; };
		04FD614E18DE36B100658F80 /* SMHook.h */ = {isa = PBXFileReference; fileEncoding = 4; lastKnownFileType = sourcecode.c.h; path = SMHook.h; sourceTree = "<group>"; };
		04FD614F18DE36B100658F80 /* SMHook.m */ = {isa = PBXFileReference; fileEncoding = 4; lastKnownFileType = sourcecode.c.objc; path = SMHook.m; sourceTree = "<group>"; };
		04FD615118DE4B2000658F80 /* libTestFlight.a */ = {isa = PBXFileReference; lastKnownFileType = archive.ar; path = libTestFlight.a; sourceTree = "<group>"; };
		04FD615218DE4B2000658F80 /* TestFlight.h */ = {isa = PBXFileReference; fileEncoding = 4; lastKnownFileType = sourcecode.c.h; path = TestFlight.h; sourceTree = "<group>"; };
		04FD615318DE4B2000658F80 /* TestFlight+ManualSessions.h */ = {isa = PBXFileReference; fileEncoding = 4; lastKnownFileType = sourcecode.c.h; path = "TestFlight+ManualSessions.h"; sourceTree = "<group>"; };
		04FD615418DE4B2000658F80 /* TestFlight+AsyncLogging.h */ = {isa = PBXFileReference; fileEncoding = 4; lastKnownFileType = sourcecode.c.h; path = "TestFlight+AsyncLogging.h"; sourceTree = "<group>"; };
		04FD615618DE4D2900658F80 /* libz.dylib */ = {isa = PBXFileReference; lastKnownFileType = "compiled.mach-o.dylib"; name = libz.dylib; path = usr/lib/libz.dylib; sourceTree = SDKROOT; };
		04FD617A18DE9F3C00658F80 /* art.atlas */ = {isa = PBXFileReference; lastKnownFileType = folder.skatlas; name = art.atlas; path = altases/art.atlas; sourceTree = "<group>"; };
		04FD617B18DE9F3C00658F80 /* fish.atlas */ = {isa = PBXFileReference; lastKnownFileType = folder.skatlas; name = fish.atlas; path = altases/fish.atlas; sourceTree = "<group>"; };
		04FD617C18DE9F3C00658F80 /* seaturtle.atlas */ = {isa = PBXFileReference; lastKnownFileType = folder.skatlas; name = seaturtle.atlas; path = altases/seaturtle.atlas; sourceTree = "<group>"; };
		4C8D605718C506A0009BB182 /* SMFisherman.h */ = {isa = PBXFileReference; fileEncoding = 4; lastKnownFileType = sourcecode.c.h; path = SMFisherman.h; sourceTree = "<group>"; };
		4C8D605818C506A0009BB182 /* SMFisherman.m */ = {isa = PBXFileReference; fileEncoding = 4; lastKnownFileType = sourcecode.c.objc; path = SMFisherman.m; sourceTree = "<group>"; };
		EC2A58C318C4615900F2D3F8 /* SMOcean.h */ = {isa = PBXFileReference; fileEncoding = 4; lastKnownFileType = sourcecode.c.h; path = SMOcean.h; sourceTree = "<group>"; };
		EC2A58C418C4615900F2D3F8 /* SMOcean.m */ = {isa = PBXFileReference; fileEncoding = 4; lastKnownFileType = sourcecode.c.objc; path = SMOcean.m; sourceTree = "<group>"; };
		EC2A58C618C4619200F2D3F8 /* SMBoat.h */ = {isa = PBXFileReference; fileEncoding = 4; lastKnownFileType = sourcecode.c.h; path = SMBoat.h; sourceTree = "<group>"; };
		EC2A58C718C4619200F2D3F8 /* SMBoat.m */ = {isa = PBXFileReference; fileEncoding = 4; lastKnownFileType = sourcecode.c.objc; path = SMBoat.m; sourceTree = "<group>"; };
		EC2A58C918C461B000F2D3F8 /* SMFish.h */ = {isa = PBXFileReference; fileEncoding = 4; lastKnownFileType = sourcecode.c.h; path = SMFish.h; sourceTree = "<group>"; };
		EC2A58CA18C461B000F2D3F8 /* SMFish.m */ = {isa = PBXFileReference; fileEncoding = 4; lastKnownFileType = sourcecode.c.objc; path = SMFish.m; sourceTree = "<group>"; };
		EC2A58CC18C461D400F2D3F8 /* SMFishingScene.h */ = {isa = PBXFileReference; fileEncoding = 4; lastKnownFileType = sourcecode.c.h; path = SMFishingScene.h; sourceTree = "<group>"; };
		EC2A58CD18C461D400F2D3F8 /* SMFishingScene.m */ = {isa = PBXFileReference; fileEncoding = 4; lastKnownFileType = sourcecode.c.objc; path = SMFishingScene.m; sourceTree = "<group>"; };
		EC2A58CF18C491CD00F2D3F8 /* Constants.h */ = {isa = PBXFileReference; lastKnownFileType = sourcecode.c.h; path = Constants.h; sourceTree = "<group>"; };
		EC2A58D018C49BA400F2D3F8 /* SMChumPiece.h */ = {isa = PBXFileReference; fileEncoding = 4; lastKnownFileType = sourcecode.c.h; path = SMChumPiece.h; sourceTree = "<group>"; };
		EC2A58D118C49BA400F2D3F8 /* SMChumPiece.m */ = {isa = PBXFileReference; fileEncoding = 4; lastKnownFileType = sourcecode.c.objc; path = SMChumPiece.m; sourceTree = "<group>"; };
/* End PBXFileReference section */

/* Begin PBXFrameworksBuildPhase section */
		049BDD2918C408D0000D5EFC /* Frameworks */ = {
			isa = PBXFrameworksBuildPhase;
			buildActionMask = 2147483647;
			files = (
				04FD615718DE4D2900658F80 /* libz.dylib in Frameworks */,
				04FD615518DE4B2000658F80 /* libTestFlight.a in Frameworks */,
				049BDD3218C408D1000D5EFC /* CoreGraphics.framework in Frameworks */,
				049BDD3418C408D1000D5EFC /* UIKit.framework in Frameworks */,
				049BDD3618C408D1000D5EFC /* SpriteKit.framework in Frameworks */,
				049BDD3018C408D1000D5EFC /* Foundation.framework in Frameworks */,
			);
			runOnlyForDeploymentPostprocessing = 0;
		};
		049BDD5418C408D1000D5EFC /* Frameworks */ = {
			isa = PBXFrameworksBuildPhase;
			buildActionMask = 2147483647;
			files = (
				049BDD5918C408D1000D5EFC /* XCTest.framework in Frameworks */,
				049BDD5B18C408D1000D5EFC /* UIKit.framework in Frameworks */,
				049BDD5A18C408D1000D5EFC /* Foundation.framework in Frameworks */,
			);
			runOnlyForDeploymentPostprocessing = 0;
		};
/* End PBXFrameworksBuildPhase section */

/* Begin PBXGroup section */
		049BDD2318C408D0000D5EFC = {
			isa = PBXGroup;
			children = (
				04FD615118DE4B2000658F80 /* libTestFlight.a */,
				04FD615218DE4B2000658F80 /* TestFlight.h */,
				04FD615318DE4B2000658F80 /* TestFlight+ManualSessions.h */,
				04FD615418DE4B2000658F80 /* TestFlight+AsyncLogging.h */,
				04FD617A18DE9F3C00658F80 /* art.atlas */,
				04FD617B18DE9F3C00658F80 /* fish.atlas */,
				04FD617C18DE9F3C00658F80 /* seaturtle.atlas */,
				049BDD3718C408D1000D5EFC /* sushi-master */,
				049BDD5E18C408D1000D5EFC /* sushi-masterTests */,
				049BDD2E18C408D1000D5EFC /* Frameworks */,
				049BDD2D18C408D1000D5EFC /* Products */,
			);
			sourceTree = "<group>";
		};
		049BDD2D18C408D1000D5EFC /* Products */ = {
			isa = PBXGroup;
			children = (
				049BDD2C18C408D1000D5EFC /* sushi-master.app */,
				049BDD5718C408D1000D5EFC /* sushi-masterTests.xctest */,
			);
			name = Products;
			sourceTree = "<group>";
		};
		049BDD2E18C408D1000D5EFC /* Frameworks */ = {
			isa = PBXGroup;
			children = (
				04FD615618DE4D2900658F80 /* libz.dylib */,
				049BDD2F18C408D1000D5EFC /* Foundation.framework */,
				049BDD3118C408D1000D5EFC /* CoreGraphics.framework */,
				049BDD3318C408D1000D5EFC /* UIKit.framework */,
				049BDD3518C408D1000D5EFC /* SpriteKit.framework */,
				049BDD5818C408D1000D5EFC /* XCTest.framework */,
			);
			name = Frameworks;
			sourceTree = "<group>";
		};
		049BDD3718C408D1000D5EFC /* sushi-master */ = {
			isa = PBXGroup;
			children = (
				04FD613B18DC22E200658F80 /* VisitablePhysicsBody.h */,
				04FD613C18DC22E200658F80 /* VisitablePhysicsBody.m */,
				04FD614018DC230A00658F80 /* ContactVisitor.h */,
				04FD614118DC230A00658F80 /* ContactVisitor.m */,
				04FD614B18DE342000658F80 /* SMHookContactVisitor.h */,
				04FD614C18DE342000658F80 /* SMHookContactVisitor.m */,
				04FD613718D96C1400658F80 /* FishingScene */,
				04FD613618D96C0600658F80 /* SushiScene */,
				049BDD4018C408D1000D5EFC /* SMAppDelegate.h */,
				049BDD4118C408D1000D5EFC /* SMAppDelegate.m */,
				049BDD4318C408D1000D5EFC /* Main_iPhone.storyboard */,
				049BDD4618C408D1000D5EFC /* Main_iPad.storyboard */,
				049BDD4918C408D1000D5EFC /* SMViewController.h */,
				049BDD4A18C408D1000D5EFC /* SMViewController.m */,
				049BDD4C18C408D1000D5EFC /* SMMyScene.h */,
				049BDD4D18C408D1000D5EFC /* SMMyScene.m */,
				049BDD5118C408D1000D5EFC /* Images.xcassets */,
				049BDD3818C408D1000D5EFC /* Supporting Files */,
			);
			path = "sushi-master";
			sourceTree = "<group>";
		};
		049BDD3818C408D1000D5EFC /* Supporting Files */ = {
			isa = PBXGroup;
			children = (
				EC2A58CF18C491CD00F2D3F8 /* Constants.h */,
				04FD614A18DE332700658F80 /* NodeCategories.h */,
				049BDD3918C408D1000D5EFC /* sushi-master-Info.plist */,
				049BDD3A18C408D1000D5EFC /* InfoPlist.strings */,
				049BDD3D18C408D1000D5EFC /* main.m */,
				049BDD3F18C408D1000D5EFC /* sushi-master-Prefix.pch */,
			);
			name = "Supporting Files";
			sourceTree = "<group>";
		};
		049BDD5E18C408D1000D5EFC /* sushi-masterTests */ = {
			isa = PBXGroup;
			children = (
				049BDD6418C408D1000D5EFC /* sushi_masterTests.m */,
				049BDD5F18C408D1000D5EFC /* Supporting Files */,
			);
			path = "sushi-masterTests";
			sourceTree = "<group>";
		};
		049BDD5F18C408D1000D5EFC /* Supporting Files */ = {
			isa = PBXGroup;
			children = (
				049BDD6018C408D1000D5EFC /* sushi-masterTests-Info.plist */,
				049BDD6118C408D1000D5EFC /* InfoPlist.strings */,
			);
			name = "Supporting Files";
			sourceTree = "<group>";
		};
		04FD613618D96C0600658F80 /* SushiScene */ = {
			isa = PBXGroup;
			children = (
				04FD613018D96B9A00658F80 /* SMSushiScene.h */,
				04FD613118D96B9A00658F80 /* SMSushiScene.m */,
				04FD613318D96BEF00658F80 /* SMCuttingBoard.h */,
				04FD613418D96BEF00658F80 /* SMCuttingBoard.m */,
				04FD613818D9796300658F80 /* SMSushiIngredient.h */,
				04FD613918D9796300658F80 /* SMSushiIngredient.m */,
			);
			name = SushiScene;
			sourceTree = "<group>";
		};
		04FD613718D96C1400658F80 /* FishingScene */ = {
			isa = PBXGroup;
			children = (
				EC2A58C318C4615900F2D3F8 /* SMOcean.h */,
				EC2A58C418C4615900F2D3F8 /* SMOcean.m */,
				4C8D605718C506A0009BB182 /* SMFisherman.h */,
				4C8D605818C506A0009BB182 /* SMFisherman.m */,
				EC2A58D018C49BA400F2D3F8 /* SMChumPiece.h */,
				EC2A58D118C49BA400F2D3F8 /* SMChumPiece.m */,
				EC2A58C618C4619200F2D3F8 /* SMBoat.h */,
				EC2A58C718C4619200F2D3F8 /* SMBoat.m */,
				EC2A58C918C461B000F2D3F8 /* SMFish.h */,
				EC2A58CA18C461B000F2D3F8 /* SMFish.m */,
				04155D3218D695C900233D76 /* SMSeaCreature.h */,
				04155D3318D695CA00233D76 /* SMSeaCreature.m */,
				04155D3518D695EB00233D76 /* SMSeaTurtle.h */,
				04155D3618D695EB00233D76 /* SMSeaTurtle.m */,
				EC2A58CC18C461D400F2D3F8 /* SMFishingScene.h */,
				EC2A58CD18C461D400F2D3F8 /* SMFishingScene.m */,
				04155D3818D6AF3E00233D76 /* SMCreatureSpawner.h */,
				04155D3918D6AF3F00233D76 /* SMCreatureSpawner.m */,
				04FD614E18DE36B100658F80 /* SMHook.h */,
				04FD614F18DE36B100658F80 /* SMHook.m */,
			);
			name = FishingScene;
			sourceTree = "<group>";
		};
/* End PBXGroup section */

/* Begin PBXNativeTarget section */
		049BDD2B18C408D0000D5EFC /* sushi-master */ = {
			isa = PBXNativeTarget;
			buildConfigurationList = 049BDD6818C408D1000D5EFC /* Build configuration list for PBXNativeTarget "sushi-master" */;
			buildPhases = (
				049BDD2818C408D0000D5EFC /* Sources */,
				049BDD2918C408D0000D5EFC /* Frameworks */,
				049BDD2A18C408D0000D5EFC /* Resources */,
			);
			buildRules = (
			);
			dependencies = (
			);
			name = "sushi-master";
			productName = "sushi-master";
			productReference = 049BDD2C18C408D1000D5EFC /* sushi-master.app */;
			productType = "com.apple.product-type.application";
		};
		049BDD5618C408D1000D5EFC /* sushi-masterTests */ = {
			isa = PBXNativeTarget;
			buildConfigurationList = 049BDD6B18C408D1000D5EFC /* Build configuration list for PBXNativeTarget "sushi-masterTests" */;
			buildPhases = (
				049BDD5318C408D1000D5EFC /* Sources */,
				049BDD5418C408D1000D5EFC /* Frameworks */,
				049BDD5518C408D1000D5EFC /* Resources */,
			);
			buildRules = (
			);
			dependencies = (
				049BDD5D18C408D1000D5EFC /* PBXTargetDependency */,
			);
			name = "sushi-masterTests";
			productName = "sushi-masterTests";
			productReference = 049BDD5718C408D1000D5EFC /* sushi-masterTests.xctest */;
			productType = "com.apple.product-type.bundle.unit-test";
		};
/* End PBXNativeTarget section */

/* Begin PBXProject section */
		049BDD2418C408D0000D5EFC /* Project object */ = {
			isa = PBXProject;
			attributes = {
				CLASSPREFIX = SM;
				LastUpgradeCheck = 0510;
				ORGANIZATIONNAME = PRZM;
				TargetAttributes = {
					049BDD2B18C408D0000D5EFC = {
						DevelopmentTeam = 6YZKH4NY5P;
					};
					049BDD5618C408D1000D5EFC = {
						TestTargetID = 049BDD2B18C408D0000D5EFC;
					};
				};
			};
			buildConfigurationList = 049BDD2718C408D0000D5EFC /* Build configuration list for PBXProject "sushi-master" */;
			compatibilityVersion = "Xcode 3.2";
			developmentRegion = English;
			hasScannedForEncodings = 0;
			knownRegions = (
				en,
				Base,
			);
			mainGroup = 049BDD2318C408D0000D5EFC;
			productRefGroup = 049BDD2D18C408D1000D5EFC /* Products */;
			projectDirPath = "";
			projectRoot = "";
			targets = (
				049BDD2B18C408D0000D5EFC /* sushi-master */,
				049BDD5618C408D1000D5EFC /* sushi-masterTests */,
			);
		};
/* End PBXProject section */

/* Begin PBXResourcesBuildPhase section */
		049BDD2A18C408D0000D5EFC /* Resources */ = {
			isa = PBXResourcesBuildPhase;
			buildActionMask = 2147483647;
			files = (
				049BDD5218C408D1000D5EFC /* Images.xcassets in Resources */,
				049BDD4818C408D1000D5EFC /* Main_iPad.storyboard in Resources */,
				04FD617D18DE9F3C00658F80 /* art.atlas in Resources */,
				049BDD4518C408D1000D5EFC /* Main_iPhone.storyboard in Resources */,
				049BDD3C18C408D1000D5EFC /* InfoPlist.strings in Resources */,
				04FD617E18DE9F3C00658F80 /* fish.atlas in Resources */,
				04FD617F18DE9F3C00658F80 /* seaturtle.atlas in Resources */,
			);
			runOnlyForDeploymentPostprocessing = 0;
		};
		049BDD5518C408D1000D5EFC /* Resources */ = {
			isa = PBXResourcesBuildPhase;
			buildActionMask = 2147483647;
			files = (
				049BDD6318C408D1000D5EFC /* InfoPlist.strings in Resources */,
			);
			runOnlyForDeploymentPostprocessing = 0;
		};
/* End PBXResourcesBuildPhase section */

/* Begin PBXSourcesBuildPhase section */
		049BDD2818C408D0000D5EFC /* Sources */ = {
			isa = PBXSourcesBuildPhase;
			buildActionMask = 2147483647;
			files = (
				04FD614D18DE342000658F80 /* SMHookContactVisitor.m in Sources */,
				049BDD4218C408D1000D5EFC /* SMAppDelegate.m in Sources */,
				04FD613218D96B9A00658F80 /* SMSushiScene.m in Sources */,
				EC2A58CE18C461D400F2D3F8 /* SMFishingScene.m in Sources */,
				04FD613A18D9796300658F80 /* SMSushiIngredient.m in Sources */,
				04FD615018DE36B100658F80 /* SMHook.m in Sources */,
				EC2A58C818C4619200F2D3F8 /* SMBoat.m in Sources */,
				04FD613D18DC22E200658F80 /* VisitablePhysicsBody.m in Sources */,
				EC2A58CB18C461B000F2D3F8 /* SMFish.m in Sources */,
				049BDD4B18C408D1000D5EFC /* SMViewController.m in Sources */,
				04155D3718D695EB00233D76 /* SMSeaTurtle.m in Sources */,
				04155D3A18D6AF3F00233D76 /* SMCreatureSpawner.m in Sources */,
				4C8D605918C506A0009BB182 /* SMFisherman.m in Sources */,
				049BDD4E18C408D1000D5EFC /* SMMyScene.m in Sources */,
				EC2A58D218C49BA400F2D3F8 /* SMChumPiece.m in Sources */,
				049BDD3E18C408D1000D5EFC /* main.m in Sources */,
				EC2A58C518C4615900F2D3F8 /* SMOcean.m in Sources */,
				04155D3418D695CA00233D76 /* SMSeaCreature.m in Sources */,
				04FD613518D96BEF00658F80 /* SMCuttingBoard.m in Sources */,
				04FD614718DC230A00658F80 /* ContactVisitor.m in Sources */,
			);
			runOnlyForDeploymentPostprocessing = 0;
		};
		049BDD5318C408D1000D5EFC /* Sources */ = {
			isa = PBXSourcesBuildPhase;
			buildActionMask = 2147483647;
			files = (
				049BDD6518C408D1000D5EFC /* sushi_masterTests.m in Sources */,
			);
			runOnlyForDeploymentPostprocessing = 0;
		};
/* End PBXSourcesBuildPhase section */

/* Begin PBXTargetDependency section */
		049BDD5D18C408D1000D5EFC /* PBXTargetDependency */ = {
			isa = PBXTargetDependency;
			target = 049BDD2B18C408D0000D5EFC /* sushi-master */;
			targetProxy = 049BDD5C18C408D1000D5EFC /* PBXContainerItemProxy */;
		};
/* End PBXTargetDependency section */

/* Begin PBXVariantGroup section */
		049BDD3A18C408D1000D5EFC /* InfoPlist.strings */ = {
			isa = PBXVariantGroup;
			children = (
				049BDD3B18C408D1000D5EFC /* en */,
			);
			name = InfoPlist.strings;
			sourceTree = "<group>";
		};
		049BDD4318C408D1000D5EFC /* Main_iPhone.storyboard */ = {
			isa = PBXVariantGroup;
			children = (
				049BDD4418C408D1000D5EFC /* Base */,
			);
			name = Main_iPhone.storyboard;
			sourceTree = "<group>";
		};
		049BDD4618C408D1000D5EFC /* Main_iPad.storyboard */ = {
			isa = PBXVariantGroup;
			children = (
				049BDD4718C408D1000D5EFC /* Base */,
			);
			name = Main_iPad.storyboard;
			sourceTree = "<group>";
		};
		049BDD6118C408D1000D5EFC /* InfoPlist.strings */ = {
			isa = PBXVariantGroup;
			children = (
				049BDD6218C408D1000D5EFC /* en */,
			);
			name = InfoPlist.strings;
			sourceTree = "<group>";
		};
/* End PBXVariantGroup section */

/* Begin XCBuildConfiguration section */
		049BDD6618C408D1000D5EFC /* Debug */ = {
			isa = XCBuildConfiguration;
			buildSettings = {
				ALWAYS_SEARCH_USER_PATHS = NO;
				CLANG_CXX_LANGUAGE_STANDARD = "gnu++0x";
				CLANG_CXX_LIBRARY = "libc++";
				CLANG_ENABLE_MODULES = YES;
				CLANG_ENABLE_OBJC_ARC = YES;
				CLANG_WARN_BOOL_CONVERSION = YES;
				CLANG_WARN_CONSTANT_CONVERSION = YES;
				CLANG_WARN_DIRECT_OBJC_ISA_USAGE = YES_ERROR;
				CLANG_WARN_EMPTY_BODY = YES;
				CLANG_WARN_ENUM_CONVERSION = YES;
				CLANG_WARN_INT_CONVERSION = YES;
				CLANG_WARN_OBJC_ROOT_CLASS = YES_ERROR;
				CLANG_WARN__DUPLICATE_METHOD_MATCH = YES;
				"CODE_SIGN_IDENTITY[sdk=iphoneos*]" = "iPhone Developer";
				COPY_PHASE_STRIP = NO;
				GCC_C_LANGUAGE_STANDARD = gnu99;
				GCC_DYNAMIC_NO_PIC = NO;
				GCC_OPTIMIZATION_LEVEL = 0;
				GCC_PREPROCESSOR_DEFINITIONS = (
					"DEBUG=1",
					"$(inherited)",
				);
				GCC_SYMBOLS_PRIVATE_EXTERN = NO;
				GCC_WARN_64_TO_32_BIT_CONVERSION = YES;
				GCC_WARN_ABOUT_RETURN_TYPE = YES_ERROR;
				GCC_WARN_UNDECLARED_SELECTOR = YES;
				GCC_WARN_UNINITIALIZED_AUTOS = YES;
				GCC_WARN_UNUSED_FUNCTION = YES;
				GCC_WARN_UNUSED_VARIABLE = YES;
				IPHONEOS_DEPLOYMENT_TARGET = 7.0;
				ONLY_ACTIVE_ARCH = YES;
				SDKROOT = iphoneos;
				TARGETED_DEVICE_FAMILY = "1,2";
			};
			name = Debug;
		};
		049BDD6718C408D1000D5EFC /* Release */ = {
			isa = XCBuildConfiguration;
			buildSettings = {
				ALWAYS_SEARCH_USER_PATHS = NO;
				CLANG_CXX_LANGUAGE_STANDARD = "gnu++0x";
				CLANG_CXX_LIBRARY = "libc++";
				CLANG_ENABLE_MODULES = YES;
				CLANG_ENABLE_OBJC_ARC = YES;
				CLANG_WARN_BOOL_CONVERSION = YES;
				CLANG_WARN_CONSTANT_CONVERSION = YES;
				CLANG_WARN_DIRECT_OBJC_ISA_USAGE = YES_ERROR;
				CLANG_WARN_EMPTY_BODY = YES;
				CLANG_WARN_ENUM_CONVERSION = YES;
				CLANG_WARN_INT_CONVERSION = YES;
				CLANG_WARN_OBJC_ROOT_CLASS = YES_ERROR;
				CLANG_WARN__DUPLICATE_METHOD_MATCH = YES;
				"CODE_SIGN_IDENTITY[sdk=iphoneos*]" = "iPhone Developer";
				COPY_PHASE_STRIP = YES;
				ENABLE_NS_ASSERTIONS = NO;
				GCC_C_LANGUAGE_STANDARD = gnu99;
				GCC_WARN_64_TO_32_BIT_CONVERSION = YES;
				GCC_WARN_ABOUT_RETURN_TYPE = YES_ERROR;
				GCC_WARN_UNDECLARED_SELECTOR = YES;
				GCC_WARN_UNINITIALIZED_AUTOS = YES;
				GCC_WARN_UNUSED_FUNCTION = YES;
				GCC_WARN_UNUSED_VARIABLE = YES;
				IPHONEOS_DEPLOYMENT_TARGET = 7.0;
				SDKROOT = iphoneos;
				TARGETED_DEVICE_FAMILY = "1,2";
				VALIDATE_PRODUCT = YES;
			};
			name = Release;
		};
		049BDD6918C408D1000D5EFC /* Debug */ = {
			isa = XCBuildConfiguration;
			buildSettings = {
				ASSETCATALOG_COMPILER_APPICON_NAME = AppIcon;
				ASSETCATALOG_COMPILER_LAUNCHIMAGE_NAME = LaunchImage;
				CODE_SIGN_IDENTITY = "iPhone Developer";
				"CODE_SIGN_IDENTITY[sdk=iphoneos*]" = "iPhone Developer";
				GCC_PRECOMPILE_PREFIX_HEADER = YES;
				GCC_PREFIX_HEADER = "sushi-master/sushi-master-Prefix.pch";
				INFOPLIST_FILE = "sushi-master/sushi-master-Info.plist";
				LIBRARY_SEARCH_PATHS = (
					"$(inherited)",
					"$(PROJECT_DIR)",
				);
				PRODUCT_NAME = "$(TARGET_NAME)";
				PROVISIONING_PROFILE = "";
				SPRITEKIT_TEXTURE_ATLAS_OUTPUT = YES;
				WRAPPER_EXTENSION = app;
			};
			name = Debug;
		};
		049BDD6A18C408D1000D5EFC /* Release */ = {
			isa = XCBuildConfiguration;
			buildSettings = {
				ASSETCATALOG_COMPILER_APPICON_NAME = AppIcon;
				ASSETCATALOG_COMPILER_LAUNCHIMAGE_NAME = LaunchImage;
				CODE_SIGN_IDENTITY = "iPhone Developer";
				"CODE_SIGN_IDENTITY[sdk=iphoneos*]" = "iPhone Developer";
				GCC_PRECOMPILE_PREFIX_HEADER = YES;
				GCC_PREFIX_HEADER = "sushi-master/sushi-master-Prefix.pch";
				INFOPLIST_FILE = "sushi-master/sushi-master-Info.plist";
				LIBRARY_SEARCH_PATHS = (
					"$(inherited)",
					"$(PROJECT_DIR)",
				);
				PRODUCT_NAME = "$(TARGET_NAME)";
				PROVISIONING_PROFILE = "";
				SPRITEKIT_TEXTURE_ATLAS_OUTPUT = YES;
				WRAPPER_EXTENSION = app;
			};
			name = Release;
		};
		049BDD6C18C408D1000D5EFC /* Debug */ = {
			isa = XCBuildConfiguration;
			buildSettings = {
				BUNDLE_LOADER = "$(BUILT_PRODUCTS_DIR)/sushi-master.app/sushi-master";
				FRAMEWORK_SEARCH_PATHS = (
					"$(SDKROOT)/Developer/Library/Frameworks",
					"$(inherited)",
					"$(DEVELOPER_FRAMEWORKS_DIR)",
				);
				GCC_PRECOMPILE_PREFIX_HEADER = YES;
				GCC_PREFIX_HEADER = "sushi-master/sushi-master-Prefix.pch";
				GCC_PREPROCESSOR_DEFINITIONS = (
					"DEBUG=1",
					"$(inherited)",
				);
				INFOPLIST_FILE = "sushi-masterTests/sushi-masterTests-Info.plist";
				PRODUCT_NAME = "$(TARGET_NAME)";
				TEST_HOST = "$(BUNDLE_LOADER)";
				WRAPPER_EXTENSION = xctest;
			};
			name = Debug;
		};
		049BDD6D18C408D1000D5EFC /* Release */ = {
			isa = XCBuildConfiguration;
			buildSettings = {
				BUNDLE_LOADER = "$(BUILT_PRODUCTS_DIR)/sushi-master.app/sushi-master";
				FRAMEWORK_SEARCH_PATHS = (
					"$(SDKROOT)/Developer/Library/Frameworks",
					"$(inherited)",
					"$(DEVELOPER_FRAMEWORKS_DIR)",
				);
				GCC_PRECOMPILE_PREFIX_HEADER = YES;
				GCC_PREFIX_HEADER = "sushi-master/sushi-master-Prefix.pch";
				INFOPLIST_FILE = "sushi-masterTests/sushi-masterTests-Info.plist";
				PRODUCT_NAME = "$(TARGET_NAME)";
				TEST_HOST = "$(BUNDLE_LOADER)";
				WRAPPER_EXTENSION = xctest;
			};
			name = Release;
		};
/* End XCBuildConfiguration section */

/* Begin XCConfigurationList section */
		049BDD2718C408D0000D5EFC /* Build configuration list for PBXProject "sushi-master" */ = {
			isa = XCConfigurationList;
			buildConfigurations = (
				049BDD6618C408D1000D5EFC /* Debug */,
				049BDD6718C408D1000D5EFC /* Release */,
			);
			defaultConfigurationIsVisible = 0;
			defaultConfigurationName = Release;
		};
		049BDD6818C408D1000D5EFC /* Build configuration list for PBXNativeTarget "sushi-master" */ = {
			isa = XCConfigurationList;
			buildConfigurations = (
				049BDD6918C408D1000D5EFC /* Debug */,
				049BDD6A18C408D1000D5EFC /* Release */,
			);
			defaultConfigurationIsVisible = 0;
			defaultConfigurationName = Release;
		};
		049BDD6B18C408D1000D5EFC /* Build configuration list for PBXNativeTarget "sushi-masterTests" */ = {
			isa = XCConfigurationList;
			buildConfigurations = (
				049BDD6C18C408D1000D5EFC /* Debug */,
				049BDD6D18C408D1000D5EFC /* Release */,
			);
			defaultConfigurationIsVisible = 0;
			defaultConfigurationName = Release;
		};
/* End XCConfigurationList section */
	};
	rootObject = 049BDD2418C408D0000D5EFC /* Project object */;
}
